
Microsoft Visual Studio Solution File, Format Version 12.00
# Visual Studio Version 16
VisualStudioVersion = 16.0.30711.63
MinimumVisualStudioVersion = 10.0.40219.1
Project("{FAE04EC0-301F-11D3-BF4B-00C04F79EFBC}") = "SslClient", "SslClient\SslClient.csproj", "{96156DB0-8A9E-45A7-8D6F-75230D8DEE38}"
EndProject
Global
	GlobalSection(SolutionConfigurationPlatforms) = preSolution
		Debug|Any CPU = Debug|Any CPU
		Release|Any CPU = Release|Any CPU
	EndGlobalSection
	GlobalSection(ProjectConfigurationPlatforms) = postSolution
		{96156DB0-8A9E-45A7-8D6F-75230D8DEE38}.Debug|Any CPU.ActiveCfg = Debug|Any CPU
		{96156DB0-8A9E-45A7-8D6F-75230D8DEE38}.Debug|Any CPU.Build.0 = Debug|Any CPU
		{96156DB0-8A9E-45A7-8D6F-75230D8DEE38}.Release|Any CPU.ActiveCfg = Release|Any CPU
		{96156DB0-8A9E-45A7-8D6F-75230D8DEE38}.Release|Any CPU.Build.0 = Release|Any CPU
	EndGlobalSection
	GlobalSection(SolutionProperties) = preSolution
		HideSolutionNode = FALSE
	EndGlobalSection
	GlobalSection(ExtensibilityGlobals) = postSolution
		SolutionGuid = {DE4BD2C6-76CC-4664-A2B2-B3EC17F69ED9}
	EndGlobalSection
EndGlobal
